
Microsoft Visual Studio Solution File, Format Version 12.00
# Visual Studio Version 16
VisualStudioVersion = 16.0.31025.194
MinimumVisualStudioVersion = 10.0.40219.1
Project("{FAE04EC0-301F-11D3-BF4B-00C04F79EFBC}") = "Tk-Market.Api", "Tk-Market.Api\Tk-Market.Api.csproj", "{A59CBC53-BF8B-4691-8EE6-B673877F44D6}"
EndProject
Project("{2150E333-8FDC-42A3-9474-1A3956D46DE8}") = "1- Application", "1- Application", "{41D17E45-9287-42CE-88EF-1EFB18DC4176}"
EndProject
Global
	GlobalSection(SolutionConfigurationPlatforms) = preSolution
		Debug|Any CPU = Debug|Any CPU
		Release|Any CPU = Release|Any CPU
	EndGlobalSection
	GlobalSection(ProjectConfigurationPlatforms) = postSolution
		{A59CBC53-BF8B-4691-8EE6-B673877F44D6}.Debug|Any CPU.ActiveCfg = Debug|Any CPU
		{A59CBC53-BF8B-4691-8EE6-B673877F44D6}.Debug|Any CPU.Build.0 = Debug|Any CPU
		{A59CBC53-BF8B-4691-8EE6-B673877F44D6}.Release|Any CPU.ActiveCfg = Release|Any CPU
		{A59CBC53-BF8B-4691-8EE6-B673877F44D6}.Release|Any CPU.Build.0 = Release|Any CPU
	EndGlobalSection
	GlobalSection(SolutionProperties) = preSolution
		HideSolutionNode = FALSE
	EndGlobalSection
	GlobalSection(NestedProjects) = preSolution
		{A59CBC53-BF8B-4691-8EE6-B673877F44D6} = {41D17E45-9287-42CE-88EF-1EFB18DC4176}
	EndGlobalSection
	GlobalSection(ExtensibilityGlobals) = postSolution
		SolutionGuid = {CC0482E9-D69F-4E7F-874F-9F46EFE769CB}
	EndGlobalSection
EndGlobal
